
Microsoft Visual Studio Solution File, Format Version 12.00
# Visual Studio Version 17
VisualStudioVersion = 17.0.32002.185
MinimumVisualStudioVersion = 10.0.40219.1
Project("{8BC9CEB8-8B4A-11D0-8D11-00A0C91BC942}") = "client", "client\client.vcxproj", "{E764C32E-1C95-4BBB-BA3B-DF4DBB52AF76}"
EndProject
Project("{8BC9CEB8-8B4A-11D0-8D11-00A0C91BC942}") = "QArchive", "QArchive\QArchive.vcxproj", "{0F7D0BC3-F14B-3306-8EC6-5F3BC973C955}"
EndProject
Project("{8BC9CEB8-8B4A-11D0-8D11-00A0C91BC942}") = "ShellExtContextMenuHandler", "ShellExtension\ShellExtension.vcxproj", "{13074114-13BB-4DD5-A526-C7FFA6B8EF1A}"
EndProject
Project("{8BC9CEB8-8B4A-11D0-8D11-00A0C91BC942}") = "update", "update\update.vcxproj", "{107D4EC1-259D-4BE1-9EB5-583813C238E3}"
EndProject
Global
	GlobalSection(SolutionConfigurationPlatforms) = preSolution
		Debug|x64 = Debug|x64
		Debug|x86 = Debug|x86
		Release|x64 = Release|x64
		Release|x86 = Release|x86
	EndGlobalSection
	GlobalSection(ProjectConfigurationPlatforms) = postSolution
		{E764C32E-1C95-4BBB-BA3B-DF4DBB52AF76}.Debug|x64.ActiveCfg = Debug|Win32
		{E764C32E-1C95-4BBB-BA3B-DF4DBB52AF76}.Debug|x86.ActiveCfg = Debug|Win32
		{E764C32E-1C95-4BBB-BA3B-DF4DBB52AF76}.Debug|x86.Build.0 = Debug|Win32
		{E764C32E-1C95-4BBB-BA3B-DF4DBB52AF76}.Release|x64.ActiveCfg = Release|Win32
		{E764C32E-1C95-4BBB-BA3B-DF4DBB52AF76}.Release|x86.ActiveCfg = Release|Win32
		{E764C32E-1C95-4BBB-BA3B-DF4DBB52AF76}.Release|x86.Build.0 = Release|Win32
		{0F7D0BC3-F14B-3306-8EC6-5F3BC973C955}.Debug|x64.ActiveCfg = Debug|Win32
		{0F7D0BC3-F14B-3306-8EC6-5F3BC973C955}.Debug|x86.ActiveCfg = Debug|Win32
		{0F7D0BC3-F14B-3306-8EC6-5F3BC973C955}.Debug|x86.Build.0 = Debug|Win32
		{0F7D0BC3-F14B-3306-8EC6-5F3BC973C955}.Release|x64.ActiveCfg = Release|Win32
		{0F7D0BC3-F14B-3306-8EC6-5F3BC973C955}.Release|x86.ActiveCfg = Release|Win32
		{0F7D0BC3-F14B-3306-8EC6-5F3BC973C955}.Release|x86.Build.0 = Release|Win32
		{13074114-13BB-4DD5-A526-C7FFA6B8EF1A}.Debug|x64.ActiveCfg = Debug|x64
		{13074114-13BB-4DD5-A526-C7FFA6B8EF1A}.Debug|x64.Build.0 = Debug|x64
		{13074114-13BB-4DD5-A526-C7FFA6B8EF1A}.Debug|x86.ActiveCfg = Debug|Win32
		{13074114-13BB-4DD5-A526-C7FFA6B8EF1A}.Debug|x86.Build.0 = Debug|Win32
		{13074114-13BB-4DD5-A526-C7FFA6B8EF1A}.Release|x64.ActiveCfg = Release|x64
		{13074114-13BB-4DD5-A526-C7FFA6B8EF1A}.Release|x64.Build.0 = Release|x64
		{13074114-13BB-4DD5-A526-C7FFA6B8EF1A}.Release|x86.ActiveCfg = Release|Win32
		{13074114-13BB-4DD5-A526-C7FFA6B8EF1A}.Release|x86.Build.0 = Release|Win32
		{107D4EC1-259D-4BE1-9EB5-583813C238E3}.Debug|x64.ActiveCfg = Debug|Win32
		{107D4EC1-259D-4BE1-9EB5-583813C238E3}.Debug|x64.Build.0 = Debug|Win32
		{107D4EC1-259D-4BE1-9EB5-583813C238E3}.Debug|x86.ActiveCfg = Debug|Win32
		{107D4EC1-259D-4BE1-9EB5-583813C238E3}.Debug|x86.Build.0 = Debug|Win32
		{107D4EC1-259D-4BE1-9EB5-583813C238E3}.Release|x64.ActiveCfg = Release|Win32
		{107D4EC1-259D-4BE1-9EB5-583813C238E3}.Release|x64.Build.0 = Release|Win32
		{107D4EC1-259D-4BE1-9EB5-583813C238E3}.Release|x86.ActiveCfg = Release|Win32
		{107D4EC1-259D-4BE1-9EB5-583813C238E3}.Release|x86.Build.0 = Release|Win32
	EndGlobalSection
	GlobalSection(SolutionProperties) = preSolution
		HideSolutionNode = FALSE
	EndGlobalSection
	GlobalSection(ExtensibilityGlobals) = postSolution
		SolutionGuid = {B1E03DA3-95F3-430B-8C94-21004F1D5137}
	EndGlobalSection
EndGlobal
