<?xml version="1.0" encoding="utf-8"?>
<Project xmlns="http://schemas.microsoft.com/developer/msbuild/2003">
  <ItemGroup>
    <Filter Include="Generated Files">
      <UniqueIdentifier>{71ED8ED8-ACB9-4CE9-BBE1-E00B30144E11}</UniqueIdentifier>
      <Extensions>cpp;c;cxx;moc;h;def;odl;idl;res;</Extensions>
    </Filter>
    <Filter Include="Generated Files">
      <UniqueIdentifier>{71ED8ED8-ACB9-4CE9-BBE1-E00B30144E11}</UniqueIdentifier>
      <Extensions>cpp;c;cxx;moc;h;def;odl;idl;res;</Extensions>
    </Filter>
    <Filter Include="Header Files">
      <UniqueIdentifier>{93995380-89BD-4b04-88EB-625FBE52EBFB}</UniqueIdentifier>
      <Extensions>h;hpp;hxx;hm;inl;inc;xsd</Extensions>
    </Filter>
    <Filter Include="Header Files">
      <UniqueIdentifier>{93995380-89BD-4b04-88EB-625FBE52EBFB}</UniqueIdentifier>
      <Extensions>h;hpp;hxx;hm;inl;inc;xsd</Extensions>
    </Filter>
    <Filter Include="Source Files">
      <UniqueIdentifier>{4FC737F1-C7A5-4376-A066-2A32D752A2FF}</UniqueIdentifier>
      <Extensions>cpp;c;cxx;def;odl;idl;hpj;bat;asm;asmx</Extensions>
    </Filter>
    <Filter Include="Source Files">
      <UniqueIdentifier>{4FC737F1-C7A5-4376-A066-2A32D752A2FF}</UniqueIdentifier>
      <Extensions>cpp;c;cxx;def;odl;idl;hpj;bat;asm;asmx</Extensions>
    </Filter>
  </ItemGroup>
  <ItemGroup>
    <ClCompile Include="src\qarchive_enums.cc">
      <Filter>Source Files</Filter>
    </ClCompile>
    <ClCompile Include="src\qarchivecompressor.cc">
      <Filter>Source Files</Filter>
    </ClCompile>
    <ClCompile Include="src\qarchivecompressor_p.cc">
      <Filter>Source Files</Filter>
    </ClCompile>
    <ClCompile Include="src\qarchivediskcompressor.cc">
      <Filter>Source Files</Filter>
    </ClCompile>
    <ClCompile Include="src\qarchivediskextractor.cc">
      <Filter>Source Files</Filter>
    </ClCompile>
    <ClCompile Include="src\qarchiveextractor.cc">
      <Filter>Source Files</Filter>
    </ClCompile>
    <ClCompile Include="src\qarchiveextractor_p.cc">
      <Filter>Source Files</Filter>
    </ClCompile>
    <ClCompile Include="src\qarchiveioreader_p.cc">
      <Filter>Source Files</Filter>
    </ClCompile>
    <ClCompile Include="src\qarchivememorycompressor.cc">
      <Filter>Source Files</Filter>
    </ClCompile>
    <ClCompile Include="src\qarchivememoryextractor.cc">
      <Filter>Source Files</Filter>
    </ClCompile>
    <ClCompile Include="src\qarchivememoryextractoroutput.cc">
      <Filter>Source Files</Filter>
    </ClCompile>
    <ClCompile Include="src\qarchivememoryfile.cc">
      <Filter>Source Files</Filter>
    </ClCompile>
    <ClCompile Include="src\qarchiveutils_p.cc">
      <Filter>Source Files</Filter>
    </ClCompile>
  </ItemGroup>
  <ItemGroup>
    <ClInclude Include="other\qmake\config.h">
      <Filter>Header Files</Filter>
    </ClInclude>
    <ClInclude Include="include\qarchive_enums.hpp">
      <Filter>Header Files</Filter>
    </ClInclude>
    <ClInclude Include="include\qarchive_global.hpp">
      <Filter>Header Files</Filter>
    </ClInclude>
    <QtMoc Include="include\qarchivecompressor.hpp">
      <Filter>Header Files</Filter>
    </QtMoc>
    <QtMoc Include="include\qarchivecompressor_p.hpp">
      <Filter>Header Files</Filter>
    </QtMoc>
    <QtMoc Include="include\qarchivediskcompressor.hpp">
      <Filter>Header Files</Filter>
    </QtMoc>
    <QtMoc Include="include\qarchivediskextractor.hpp">
      <Filter>Header Files</Filter>
    </QtMoc>
    <QtMoc Include="include\qarchiveextractor.hpp">
      <Filter>Header Files</Filter>
    </QtMoc>
    <QtMoc Include="include\qarchiveextractor_p.hpp">
      <Filter>Header Files</Filter>
    </QtMoc>
    <ClInclude Include="include\qarchiveioreader_p.hpp">
      <Filter>Header Files</Filter>
    </ClInclude>
    <QtMoc Include="include\qarchivememorycompressor.hpp">
      <Filter>Header Files</Filter>
    </QtMoc>
    <QtMoc Include="include\qarchivememoryextractor.hpp">
      <Filter>Header Files</Filter>
    </QtMoc>
    <QtMoc Include="include\qarchivememoryextractoroutput.hpp">
      <Filter>Header Files</Filter>
    </QtMoc>
    <ClInclude Include="include\qarchivememoryfile.hpp">
      <Filter>Header Files</Filter>
    </ClInclude>
    <ClInclude Include="include\qarchiveutils_p.hpp">
      <Filter>Header Files</Filter>
    </ClInclude>
  </ItemGroup>
  <ItemGroup>
    <CustomBuild Include="debug\moc_predefs.h.cbt">
      <Filter>Generated Files</Filter>
    </CustomBuild>
    <CustomBuild Include="release\moc_predefs.h.cbt">
      <Filter>Generated Files</Filter>
    </CustomBuild>
    
    
    
    
    
    
    
    
    
    
    
    
    
    
    
    
    
    
  </ItemGroup>
</Project>